// !$*UTF8*$!
{
	archiveVersion = 1;
	classes = {
	};
	objectVersion = 56;
	objects = {

/* Begin PBXBuildFile section */
		04244D022AD5285400536BB7 /* HSocketConnectPage.swift in Sources */ = {isa = PBXBuildFile; fileRef = 04244D002AD5285400536BB7 /* HSocketConnectPage.swift */; };
		04244D032AD5285400536BB7 /* HSocketConnectPage.xib in Resources */ = {isa = PBXBuildFile; fileRef = 04244D012AD5285400536BB7 /* HSocketConnectPage.xib */; };
		04244D052AD52B5B00536BB7 /* HSocketViewModel.swift in Sources */ = {isa = PBXBuildFile; fileRef = 04244D042AD52B5B00536BB7 /* HSocketViewModel.swift */; };
		042D02022A6F786300678042 /* HBluetoothDeviceListController.swift in Sources */ = {isa = PBXBuildFile; fileRef = 042D02012A6F786300678042 /* HBluetoothDeviceListController.swift */; };
		042D02062A6F78A700678042 /* HDeviceDetailController.swift in Sources */ = {isa = PBXBuildFile; fileRef = 042D02052A6F78A700678042 /* HDeviceDetailController.swift */; };
		042D02092A6F996A00678042 /* HBaseViewController.swift in Sources */ = {isa = PBXBuildFile; fileRef = 042D02082A6F996A00678042 /* HBaseViewController.swift */; };
		042D020B2A6F9DE800678042 /* HBaseUtils.swift in Sources */ = {isa = PBXBuildFile; fileRef = 042D020A2A6F9DE800678042 /* HBaseUtils.swift */; };
		0435D1B82AD24D360090BAD5 /* HHUD.swift in Sources */ = {isa = PBXBuildFile; fileRef = 0435D1B72AD24D360090BAD5 /* HHUD.swift */; };
		0435D1BB2AD2570B0090BAD5 /* DoodlingBoardController.swift in Sources */ = {isa = PBXBuildFile; fileRef = 0435D1BA2AD2570B0090BAD5 /* DoodlingBoardController.swift */; };
		0435D1BE2AD258200090BAD5 /* DoodlingBoardView.swift in Sources */ = {isa = PBXBuildFile; fileRef = 0435D1BD2AD258200090BAD5 /* DoodlingBoardView.swift */; };
		0435D1C02AD2594F0090BAD5 /* HThemeColor.swift in Sources */ = {isa = PBXBuildFile; fileRef = 0435D1BF2AD2594F0090BAD5 /* HThemeColor.swift */; };
		0435D1C22AD27CB90090BAD5 /* HDevice.swift in Sources */ = {isa = PBXBuildFile; fileRef = 0435D1C12AD27CB90090BAD5 /* HDevice.swift */; };
		046349EA2ADE207E005BE975 /* HNFCScanPage.swift in Sources */ = {isa = PBXBuildFile; fileRef = 046349E92ADE207E005BE975 /* HNFCScanPage.swift */; };
		046349EF2ADE23D8005BE975 /* HNFCReadView.swift in Sources */ = {isa = PBXBuildFile; fileRef = 046349EE2ADE23D8005BE975 /* HNFCReadView.swift */; };
		046349F12ADE2D25005BE975 /* HNFCTag.swift in Sources */ = {isa = PBXBuildFile; fileRef = 046349F02ADE2D25005BE975 /* HNFCTag.swift */; };
		046349F32ADE2F2C005BE975 /* HNFCISO7816TagSession.swift in Sources */ = {isa = PBXBuildFile; fileRef = 046349F22ADE2F2C005BE975 /* HNFCISO7816TagSession.swift */; };
		0463EFCF2AD39B7C00FD4B09 /* HDirectBroadcastingPage.swift in Sources */ = {isa = PBXBuildFile; fileRef = 0463EFCE2AD39B7C00FD4B09 /* HDirectBroadcastingPage.swift */; };
		0463EFD22AD3AD9400FD4B09 /* HDirectRoomListPage.swift in Sources */ = {isa = PBXBuildFile; fileRef = 0463EFD12AD3AD9400FD4B09 /* HDirectRoomListPage.swift */; };
		0463EFD72AD3AE5F00FD4B09 /* Rooms.json in Resources */ = {isa = PBXBuildFile; fileRef = 0463EFD62AD3AE5F00FD4B09 /* Rooms.json */; };
		0463EFDA2AD3C29E00FD4B09 /* HDirectRoomViewModel.swift in Sources */ = {isa = PBXBuildFile; fileRef = 0463EFD92AD3C29E00FD4B09 /* HDirectRoomViewModel.swift */; };
		0463EFDC2AD3CF7C00FD4B09 /* HBroadcastingFactory.swift in Sources */ = {isa = PBXBuildFile; fileRef = 0463EFDB2AD3CF7C00FD4B09 /* HBroadcastingFactory.swift */; };
		0463EFDF2AD3D11200FD4B09 /* HToolBoxRoomPage.swift in Sources */ = {isa = PBXBuildFile; fileRef = 0463EFDE2AD3D11200FD4B09 /* HToolBoxRoomPage.swift */; };
		0463EFE12AD3D29D00FD4B09 /* HRTCRoomView.swift in Sources */ = {isa = PBXBuildFile; fileRef = 0463EFE02AD3D29D00FD4B09 /* HRTCRoomView.swift */; };
		0463EFE32AD3D2BE00FD4B09 /* HToolBoxRoomView.swift in Sources */ = {isa = PBXBuildFile; fileRef = 0463EFE22AD3D2BE00FD4B09 /* HToolBoxRoomView.swift */; };
		0463EFE52AD3D2ED00FD4B09 /* HBroadcastingRoomView.swift in Sources */ = {isa = PBXBuildFile; fileRef = 0463EFE42AD3D2ED00FD4B09 /* HBroadcastingRoomView.swift */; };
		0463EFE82AD3EAF500FD4B09 /* HDBottomView.swift in Sources */ = {isa = PBXBuildFile; fileRef = 0463EFE72AD3EAF500FD4B09 /* HDBottomView.swift */; };
		0463EFEA2AD3EF4000FD4B09 /* UIView+frame.swift in Sources */ = {isa = PBXBuildFile; fileRef = 0463EFE92AD3EF4000FD4B09 /* UIView+frame.swift */; };
		0463EFEC2AD3FBA800FD4B09 /* HBaseView.swift in Sources */ = {isa = PBXBuildFile; fileRef = 0463EFEB2AD3FBA800FD4B09 /* HBaseView.swift */; };
		046C09672A70C3F700E02EBC /* HBluetoothDeviceCell.swift in Sources */ = {isa = PBXBuildFile; fileRef = 046C09662A70C3F700E02EBC /* HBluetoothDeviceCell.swift */; };
		046C096A2A70C63C00E02EBC /* HBluetoothDeviceModel.swift in Sources */ = {isa = PBXBuildFile; fileRef = 046C09692A70C63C00E02EBC /* HBluetoothDeviceModel.swift */; };
		046C096C2A70CE4A00E02EBC /* SucceedsPostAction.sh in Resources */ = {isa = PBXBuildFile; fileRef = 046C096B2A70CE4A00E02EBC /* SucceedsPostAction.sh */; };
		046C096F2A70E93A00E02EBC /* HBluetoothManager.swift in Sources */ = {isa = PBXBuildFile; fileRef = 046C096E2A70E93A00E02EBC /* HBluetoothManager.swift */; };
		046C09712A70E9EE00E02EBC /* HBLECentralManager.swift in Sources */ = {isa = PBXBuildFile; fileRef = 046C09702A70E9EE00E02EBC /* HBLECentralManager.swift */; };
		046C09732A70EB6B00E02EBC /* Peripheral+Ext.swift in Sources */ = {isa = PBXBuildFile; fileRef = 046C09722A70EB6B00E02EBC /* Peripheral+Ext.swift */; };
		046C09752A70EC7200E02EBC /* HStore.swift in Sources */ = {isa = PBXBuildFile; fileRef = 046C09742A70EC7200E02EBC /* HStore.swift */; };
		048731752AF383B700539D5C /* SessionDescription.swift in Sources */ = {isa = PBXBuildFile; fileRef = 048731742AF383B700539D5C /* SessionDescription.swift */; };
		048731772AF386FB00539D5C /* IceCandidate.swift in Sources */ = {isa = PBXBuildFile; fileRef = 048731762AF386FB00539D5C /* IceCandidate.swift */; };
		048731792AF3883B00539D5C /* RTCStates.swift in Sources */ = {isa = PBXBuildFile; fileRef = 048731782AF3883B00539D5C /* RTCStates.swift */; };
		0487317B2AF389DF00539D5C /* Message.swift in Sources */ = {isa = PBXBuildFile; fileRef = 0487317A2AF389DF00539D5C /* Message.swift */; };
		0487317D2AF38ADC00539D5C /* WebSocketProvider.swift in Sources */ = {isa = PBXBuildFile; fileRef = 0487317C2AF38ADC00539D5C /* WebSocketProvider.swift */; };
		0487317F2AF38B8000539D5C /* NativeWebSocket.swift in Sources */ = {isa = PBXBuildFile; fileRef = 0487317E2AF38B8000539D5C /* NativeWebSocket.swift */; };
		048731812AF38BC100539D5C /* StarscreamProvider.swift in Sources */ = {isa = PBXBuildFile; fileRef = 048731802AF38BC100539D5C /* StarscreamProvider.swift */; };
		048731832AF38D6C00539D5C /* WebRTCClient.swift in Sources */ = {isa = PBXBuildFile; fileRef = 048731822AF38D6C00539D5C /* WebRTCClient.swift */; };
		048731852AF3921000539D5C /* SignalingClient.swift in Sources */ = {isa = PBXBuildFile; fileRef = 048731842AF3921000539D5C /* SignalingClient.swift */; };
		04E225BA2AD14A3C0012966B /* HConfig.swift in Sources */ = {isa = PBXBuildFile; fileRef = 04E225B92AD14A3C0012966B /* HConfig.swift */; };
		04E225BD2AD152F40012966B /* HHomePageSubViewUI.swift in Sources */ = {isa = PBXBuildFile; fileRef = 04E225BC2AD152F40012966B /* HHomePageSubViewUI.swift */; };
		04E225BF2AD15E760012966B /* HHomePageSubView.swift in Sources */ = {isa = PBXBuildFile; fileRef = 04E225BE2AD15E760012966B /* HHomePageSubView.swift */; };
		04E225C22AD15EA00012966B /* HHomeSubViewCell.swift in Sources */ = {isa = PBXBuildFile; fileRef = 04E225C02AD15EA00012966B /* HHomeSubViewCell.swift */; };
		04EDB0492A8337A400C09AAC /* AVFoundation.framework in Frameworks */ = {isa = PBXBuildFile; fileRef = 04EDB0482A8337A300C09AAC /* AVFoundation.framework */; };
		04EDB04B2A8337AF00C09AAC /* AVFAudio.framework in Frameworks */ = {isa = PBXBuildFile; fileRef = 04EDB04A2A8337AE00C09AAC /* AVFAudio.framework */; };
		04F682F22A7210D8002C4EAA /* HChatViewController.swift in Sources */ = {isa = PBXBuildFile; fileRef = 04F682F12A7210D8002C4EAA /* HChatViewController.swift */; };
		04F682FB2A721D28002C4EAA /* HPlaybackManager.swift in Sources */ = {isa = PBXBuildFile; fileRef = 04F682FA2A721D28002C4EAA /* HPlaybackManager.swift */; };
		04F682FE2A721DEB002C4EAA /* StringExt.swift in Sources */ = {isa = PBXBuildFile; fileRef = 04F682FD2A721DEB002C4EAA /* StringExt.swift */; };
		04F683002A723EE8002C4EAA /* HAudioManager.swift in Sources */ = {isa = PBXBuildFile; fileRef = 04F682FF2A723EE8002C4EAA /* HAudioManager.swift */; };
		05CFEB562A6D627B00A57FF6 /* AppDelegate.swift in Sources */ = {isa = PBXBuildFile; fileRef = 05CFEB552A6D627B00A57FF6 /* AppDelegate.swift */; };
		05CFEB582A6D627B00A57FF6 /* SceneDelegate.swift in Sources */ = {isa = PBXBuildFile; fileRef = 05CFEB572A6D627B00A57FF6 /* SceneDelegate.swift */; };
		05CFEB5A2A6D627B00A57FF6 /* ViewController.swift in Sources */ = {isa = PBXBuildFile; fileRef = 05CFEB592A6D627B00A57FF6 /* ViewController.swift */; };
		05CFEB5D2A6D627B00A57FF6 /* Main.storyboard in Resources */ = {isa = PBXBuildFile; fileRef = 05CFEB5B2A6D627B00A57FF6 /* Main.storyboard */; };
		05CFEB5F2A6D627C00A57FF6 /* Assets.xcassets in Resources */ = {isa = PBXBuildFile; fileRef = 05CFEB5E2A6D627C00A57FF6 /* Assets.xcassets */; };
		05CFEB622A6D627C00A57FF6 /* LaunchScreen.storyboard in Resources */ = {isa = PBXBuildFile; fileRef = 05CFEB602A6D627C00A57FF6 /* LaunchScreen.storyboard */; };
		05CFEB6B2A6D646900A57FF6 /* RootController.swift in Sources */ = {isa = PBXBuildFile; fileRef = 05CFEB6A2A6D646900A57FF6 /* RootController.swift */; };
		05CFEB6D2A6D682400A57FF6 /* Config.plist in Resources */ = {isa = PBXBuildFile; fileRef = 05CFEB6C2A6D682400A57FF6 /* Config.plist */; };
		05CFEB702A6E69B700A57FF6 /* HHomeViewController.swift in Sources */ = {isa = PBXBuildFile; fileRef = 05CFEB6F2A6E69B700A57FF6 /* HHomeViewController.swift */; };
		1C42DA7F67975D12162EC9DA /* Pods_Project.framework in Frameworks */ = {isa = PBXBuildFile; fileRef = B5E5B6A1167192A4DD23930D /* Pods_Project.framework */; };
/* End PBXBuildFile section */

/* Begin PBXFileReference section */
		034463BCADB51E103002F1E7 /* Pods-Project.debug.xcconfig */ = {isa = PBXFileReference; includeInIndex = 1; lastKnownFileType = text.xcconfig; name = "Pods-Project.debug.xcconfig"; path = "Target Support Files/Pods-Project/Pods-Project.debug.xcconfig"; sourceTree = "<group>"; };
		04244D002AD5285400536BB7 /* HSocketConnectPage.swift */ = {isa = PBXFileReference; lastKnownFileType = sourcecode.swift; path = HSocketConnectPage.swift; sourceTree = "<group>"; };
		04244D012AD5285400536BB7 /* HSocketConnectPage.xib */ = {isa = PBXFileReference; lastKnownFileType = file.xib; path = HSocketConnectPage.xib; sourceTree = "<group>"; };
		04244D042AD52B5B00536BB7 /* HSocketViewModel.swift */ = {isa = PBXFileReference; lastKnownFileType = sourcecode.swift; path = HSocketViewModel.swift; sourceTree = "<group>"; };
		042D02012A6F786300678042 /* HBluetoothDeviceListController.swift */ = {isa = PBXFileReference; lastKnownFileType = sourcecode.swift; path = HBluetoothDeviceListController.swift; sourceTree = "<group>"; };
		042D02052A6F78A700678042 /* HDeviceDetailController.swift */ = {isa = PBXFileReference; lastKnownFileType = sourcecode.swift; path = HDeviceDetailController.swift; sourceTree = "<group>"; };
		042D02082A6F996A00678042 /* HBaseViewController.swift */ = {isa = PBXFileReference; lastKnownFileType = sourcecode.swift; path = HBaseViewController.swift; sourceTree = "<group>"; };
		042D020A2A6F9DE800678042 /* HBaseUtils.swift */ = {isa = PBXFileReference; lastKnownFileType = sourcecode.swift; path = HBaseUtils.swift; sourceTree = "<group>"; };
		0435D1B72AD24D360090BAD5 /* HHUD.swift */ = {isa = PBXFileReference; lastKnownFileType = sourcecode.swift; path = HHUD.swift; sourceTree = "<group>"; };
		0435D1BA2AD2570B0090BAD5 /* DoodlingBoardController.swift */ = {isa = PBXFileReference; lastKnownFileType = sourcecode.swift; path = DoodlingBoardController.swift; sourceTree = "<group>"; };
		0435D1BD2AD258200090BAD5 /* DoodlingBoardView.swift */ = {isa = PBXFileReference; lastKnownFileType = sourcecode.swift; path = DoodlingBoardView.swift; sourceTree = "<group>"; };
		0435D1BF2AD2594F0090BAD5 /* HThemeColor.swift */ = {isa = PBXFileReference; lastKnownFileType = sourcecode.swift; path = HThemeColor.swift; sourceTree = "<group>"; };
		0435D1C12AD27CB90090BAD5 /* HDevice.swift */ = {isa = PBXFileReference; lastKnownFileType = sourcecode.swift; path = HDevice.swift; sourceTree = "<group>"; };
		046349E72ADE1FCB005BE975 /* Project.entitlements */ = {isa = PBXFileReference; lastKnownFileType = text.plist.entitlements; path = Project.entitlements; sourceTree = "<group>"; };
		046349E92ADE207E005BE975 /* HNFCScanPage.swift */ = {isa = PBXFileReference; lastKnownFileType = sourcecode.swift; path = HNFCScanPage.swift; sourceTree = "<group>"; };
		046349EE2ADE23D8005BE975 /* HNFCReadView.swift */ = {isa = PBXFileReference; lastKnownFileType = sourcecode.swift; path = HNFCReadView.swift; sourceTree = "<group>"; };
		046349F02ADE2D25005BE975 /* HNFCTag.swift */ = {isa = PBXFileReference; lastKnownFileType = sourcecode.swift; path = HNFCTag.swift; sourceTree = "<group>"; };
		046349F22ADE2F2C005BE975 /* HNFCISO7816TagSession.swift */ = {isa = PBXFileReference; lastKnownFileType = sourcecode.swift; path = HNFCISO7816TagSession.swift; sourceTree = "<group>"; };
		0463EFCE2AD39B7C00FD4B09 /* HDirectBroadcastingPage.swift */ = {isa = PBXFileReference; lastKnownFileType = sourcecode.swift; path = HDirectBroadcastingPage.swift; sourceTree = "<group>"; };
		0463EFD12AD3AD9400FD4B09 /* HDirectRoomListPage.swift */ = {isa = PBXFileReference; lastKnownFileType = sourcecode.swift; path = HDirectRoomListPage.swift; sourceTree = "<group>"; };
		0463EFD62AD3AE5F00FD4B09 /* Rooms.json */ = {isa = PBXFileReference; fileEncoding = 4; lastKnownFileType = text.json; path = Rooms.json; sourceTree = "<group>"; };
		0463EFD92AD3C29E00FD4B09 /* HDirectRoomViewModel.swift */ = {isa = PBXFileReference; lastKnownFileType = sourcecode.swift; path = HDirectRoomViewModel.swift; sourceTree = "<group>"; };
		0463EFDB2AD3CF7C00FD4B09 /* HBroadcastingFactory.swift */ = {isa = PBXFileReference; lastKnownFileType = sourcecode.swift; path = HBroadcastingFactory.swift; sourceTree = "<group>"; };
		0463EFDE2AD3D11200FD4B09 /* HToolBoxRoomPage.swift */ = {isa = PBXFileReference; lastKnownFileType = sourcecode.swift; path = HToolBoxRoomPage.swift; sourceTree = "<group>"; };
		0463EFE02AD3D29D00FD4B09 /* HRTCRoomView.swift */ = {isa = PBXFileReference; lastKnownFileType = sourcecode.swift; path = HRTCRoomView.swift; sourceTree = "<group>"; };
		0463EFE22AD3D2BE00FD4B09 /* HToolBoxRoomView.swift */ = {isa = PBXFileReference; lastKnownFileType = sourcecode.swift; path = HToolBoxRoomView.swift; sourceTree = "<group>"; };
		0463EFE42AD3D2ED00FD4B09 /* HBroadcastingRoomView.swift */ = {isa = PBXFileReference; lastKnownFileType = sourcecode.swift; path = HBroadcastingRoomView.swift; sourceTree = "<group>"; };
		0463EFE72AD3EAF500FD4B09 /* HDBottomView.swift */ = {isa = PBXFileReference; lastKnownFileType = sourcecode.swift; path = HDBottomView.swift; sourceTree = "<group>"; };
		0463EFE92AD3EF4000FD4B09 /* UIView+frame.swift */ = {isa = PBXFileReference; lastKnownFileType = sourcecode.swift; path = "UIView+frame.swift"; sourceTree = "<group>"; };
		0463EFEB2AD3FBA800FD4B09 /* HBaseView.swift */ = {isa = PBXFileReference; lastKnownFileType = sourcecode.swift; path = HBaseView.swift; sourceTree = "<group>"; };
		046C09662A70C3F700E02EBC /* HBluetoothDeviceCell.swift */ = {isa = PBXFileReference; lastKnownFileType = sourcecode.swift; path = HBluetoothDeviceCell.swift; sourceTree = "<group>"; };
		046C09692A70C63C00E02EBC /* HBluetoothDeviceModel.swift */ = {isa = PBXFileReference; lastKnownFileType = sourcecode.swift; path = HBluetoothDeviceModel.swift; sourceTree = "<group>"; };
		046C096B2A70CE4A00E02EBC /* SucceedsPostAction.sh */ = {isa = PBXFileReference; fileEncoding = 4; lastKnownFileType = text.script.sh; path = SucceedsPostAction.sh; sourceTree = "<group>"; };
		046C096E2A70E93A00E02EBC /* HBluetoothManager.swift */ = {isa = PBXFileReference; lastKnownFileType = sourcecode.swift; path = HBluetoothManager.swift; sourceTree = "<group>"; };
		046C09702A70E9EE00E02EBC /* HBLECentralManager.swift */ = {isa = PBXFileReference; lastKnownFileType = sourcecode.swift; path = HBLECentralManager.swift; sourceTree = "<group>"; };
		046C09722A70EB6B00E02EBC /* Peripheral+Ext.swift */ = {isa = PBXFileReference; lastKnownFileType = sourcecode.swift; path = "Peripheral+Ext.swift"; sourceTree = "<group>"; };
		046C09742A70EC7200E02EBC /* HStore.swift */ = {isa = PBXFileReference; lastKnownFileType = sourcecode.swift; path = HStore.swift; sourceTree = "<group>"; };
		048731742AF383B700539D5C /* SessionDescription.swift */ = {isa = PBXFileReference; lastKnownFileType = sourcecode.swift; path = SessionDescription.swift; sourceTree = "<group>"; };
		048731762AF386FB00539D5C /* IceCandidate.swift */ = {isa = PBXFileReference; lastKnownFileType = sourcecode.swift; path = IceCandidate.swift; sourceTree = "<group>"; };
		048731782AF3883B00539D5C /* RTCStates.swift */ = {isa = PBXFileReference; lastKnownFileType = sourcecode.swift; path = RTCStates.swift; sourceTree = "<group>"; };
		0487317A2AF389DF00539D5C /* Message.swift */ = {isa = PBXFileReference; lastKnownFileType = sourcecode.swift; path = Message.swift; sourceTree = "<group>"; };
		0487317C2AF38ADC00539D5C /* WebSocketProvider.swift */ = {isa = PBXFileReference; lastKnownFileType = sourcecode.swift; path = WebSocketProvider.swift; sourceTree = "<group>"; };
		0487317E2AF38B8000539D5C /* NativeWebSocket.swift */ = {isa = PBXFileReference; lastKnownFileType = sourcecode.swift; path = NativeWebSocket.swift; sourceTree = "<group>"; };
		048731802AF38BC100539D5C /* StarscreamProvider.swift */ = {isa = PBXFileReference; lastKnownFileType = sourcecode.swift; path = StarscreamProvider.swift; sourceTree = "<group>"; };
		048731822AF38D6C00539D5C /* WebRTCClient.swift */ = {isa = PBXFileReference; lastKnownFileType = sourcecode.swift; path = WebRTCClient.swift; sourceTree = "<group>"; };
		048731842AF3921000539D5C /* SignalingClient.swift */ = {isa = PBXFileReference; lastKnownFileType = sourcecode.swift; path = SignalingClient.swift; sourceTree = "<group>"; };
		04E225B92AD14A3C0012966B /* HConfig.swift */ = {isa = PBXFileReference; lastKnownFileType = sourcecode.swift; path = HConfig.swift; sourceTree = "<group>"; };
		04E225BC2AD152F40012966B /* HHomePageSubViewUI.swift */ = {isa = PBXFileReference; lastKnownFileType = sourcecode.swift; path = HHomePageSubViewUI.swift; sourceTree = "<group>"; };
		04E225BE2AD15E760012966B /* HHomePageSubView.swift */ = {isa = PBXFileReference; lastKnownFileType = sourcecode.swift; path = HHomePageSubView.swift; sourceTree = "<group>"; };
		04E225C02AD15EA00012966B /* HHomeSubViewCell.swift */ = {isa = PBXFileReference; lastKnownFileType = sourcecode.swift; path = HHomeSubViewCell.swift; sourceTree = "<group>"; };
		04EDB0482A8337A300C09AAC /* AVFoundation.framework */ = {isa = PBXFileReference; lastKnownFileType = wrapper.framework; name = AVFoundation.framework; path = System/Library/Frameworks/AVFoundation.framework; sourceTree = SDKROOT; };
		04EDB04A2A8337AE00C09AAC /* AVFAudio.framework */ = {isa = PBXFileReference; lastKnownFileType = wrapper.framework; name = AVFAudio.framework; path = System/Library/Frameworks/AVFAudio.framework; sourceTree = SDKROOT; };
		04F682F12A7210D8002C4EAA /* HChatViewController.swift */ = {isa = PBXFileReference; lastKnownFileType = sourcecode.swift; path = HChatViewController.swift; sourceTree = "<group>"; };
		04F682FA2A721D28002C4EAA /* HPlaybackManager.swift */ = {isa = PBXFileReference; lastKnownFileType = sourcecode.swift; path = HPlaybackManager.swift; sourceTree = "<group>"; };
		04F682FD2A721DEB002C4EAA /* StringExt.swift */ = {isa = PBXFileReference; lastKnownFileType = sourcecode.swift; path = StringExt.swift; sourceTree = "<group>"; };
		04F682FF2A723EE8002C4EAA /* HAudioManager.swift */ = {isa = PBXFileReference; lastKnownFileType = sourcecode.swift; path = HAudioManager.swift; sourceTree = "<group>"; };
		05CFEB522A6D627B00A57FF6 /* Project.app */ = {isa = PBXFileReference; explicitFileType = wrapper.application; includeInIndex = 0; path = Project.app; sourceTree = BUILT_PRODUCTS_DIR; };
		05CFEB552A6D627B00A57FF6 /* AppDelegate.swift */ = {isa = PBXFileReference; lastKnownFileType = sourcecode.swift; path = AppDelegate.swift; sourceTree = "<group>"; };
		05CFEB572A6D627B00A57FF6 /* SceneDelegate.swift */ = {isa = PBXFileReference; lastKnownFileType = sourcecode.swift; path = SceneDelegate.swift; sourceTree = "<group>"; };
		05CFEB592A6D627B00A57FF6 /* ViewController.swift */ = {isa = PBXFileReference; lastKnownFileType = sourcecode.swift; path = ViewController.swift; sourceTree = "<group>"; };
		05CFEB5C2A6D627B00A57FF6 /* Base */ = {isa = PBXFileReference; lastKnownFileType = file.storyboard; name = Base; path = Base.lproj/Main.storyboard; sourceTree = "<group>"; };
		05CFEB5E2A6D627C00A57FF6 /* Assets.xcassets */ = {isa = PBXFileReference; lastKnownFileType = folder.assetcatalog; path = Assets.xcassets; sourceTree = "<group>"; };
		05CFEB612A6D627C00A57FF6 /* Base */ = {isa = PBXFileReference; lastKnownFileType = file.storyboard; name = Base; path = Base.lproj/LaunchScreen.storyboard; sourceTree = "<group>"; };
		05CFEB632A6D627C00A57FF6 /* Info.plist */ = {isa = PBXFileReference; lastKnownFileType = text.plist.xml; path = Info.plist; sourceTree = "<group>"; };
		05CFEB6A2A6D646900A57FF6 /* RootController.swift */ = {isa = PBXFileReference; lastKnownFileType = sourcecode.swift; path = RootController.swift; sourceTree = "<group>"; };
		05CFEB6C2A6D682400A57FF6 /* Config.plist */ = {isa = PBXFileReference; lastKnownFileType = text.plist.xml; path = Config.plist; sourceTree = "<group>"; };
		05CFEB6F2A6E69B700A57FF6 /* HHomeViewController.swift */ = {isa = PBXFileReference; lastKnownFileType = sourcecode.swift; path = HHomeViewController.swift; sourceTree = "<group>"; };
		B5E5B6A1167192A4DD23930D /* Pods_Project.framework */ = {isa = PBXFileReference; explicitFileType = wrapper.framework; includeInIndex = 0; path = Pods_Project.framework; sourceTree = BUILT_PRODUCTS_DIR; };
		FDD69C098B3CBB53A865EFAE /* Pods-Project.release.xcconfig */ = {isa = PBXFileReference; includeInIndex = 1; lastKnownFileType = text.xcconfig; name = "Pods-Project.release.xcconfig"; path = "Target Support Files/Pods-Project/Pods-Project.release.xcconfig"; sourceTree = "<group>"; };
/* End PBXFileReference section */

/* Begin PBXFrameworksBuildPhase section */
		05CFEB4F2A6D627B00A57FF6 /* Frameworks */ = {
			isa = PBXFrameworksBuildPhase;
			buildActionMask = 2147483647;
			files = (
				04EDB04B2A8337AF00C09AAC /* AVFAudio.framework in Frameworks */,
				04EDB0492A8337A400C09AAC /* AVFoundation.framework in Frameworks */,
				1C42DA7F67975D12162EC9DA /* Pods_Project.framework in Frameworks */,
			);
			runOnlyForDeploymentPostprocessing = 0;
		};
/* End PBXFrameworksBuildPhase section */

/* Begin PBXGroup section */
		04244CFF2AD527B900536BB7 /* Socket */ = {
			isa = PBXGroup;
			children = (
				04244D002AD5285400536BB7 /* HSocketConnectPage.swift */,
				04244D012AD5285400536BB7 /* HSocketConnectPage.xib */,
				04244D042AD52B5B00536BB7 /* HSocketViewModel.swift */,
			);
			path = Socket;
			sourceTree = "<group>";
		};
		042D02002A6F768300678042 /* BluetoothMonitor */ = {
			isa = PBXGroup;
			children = (
				046C096D2A70E8D200E02EBC /* Manager */,
				042D02042A6F788B00678042 /* Detail */,
				042D02032A6F786D00678042 /* Home */,
			);
			path = BluetoothMonitor;
			sourceTree = "<group>";
		};
		042D02032A6F786D00678042 /* Home */ = {
			isa = PBXGroup;
			children = (
				046C09682A70C61100E02EBC /* Model */,
				042D02012A6F786300678042 /* HBluetoothDeviceListController.swift */,
				046C09662A70C3F700E02EBC /* HBluetoothDeviceCell.swift */,
			);
			path = Home;
			sourceTree = "<group>";
		};
		042D02042A6F788B00678042 /* Detail */ = {
			isa = PBXGroup;
			children = (
				042D02052A6F78A700678042 /* HDeviceDetailController.swift */,
			);
			path = Detail;
			sourceTree = "<group>";
		};
		042D02072A6F994900678042 /* Base */ = {
			isa = PBXGroup;
			children = (
				042D02082A6F996A00678042 /* HBaseViewController.swift */,
				042D020A2A6F9DE800678042 /* HBaseUtils.swift */,
				0463EFEB2AD3FBA800FD4B09 /* HBaseView.swift */,
			);
			path = Base;
			sourceTree = "<group>";
		};
		0435D1B92AD256E10090BAD5 /* DoodingBoard */ = {
			isa = PBXGroup;
			children = (
				0435D1BC2AD257FC0090BAD5 /* Views */,
				0435D1BA2AD2570B0090BAD5 /* DoodlingBoardController.swift */,
			);
			path = DoodingBoard;
			sourceTree = "<group>";
		};
		0435D1BC2AD257FC0090BAD5 /* Views */ = {
			isa = PBXGroup;
			children = (
				0435D1BD2AD258200090BAD5 /* DoodlingBoardView.swift */,
			);
			path = Views;
			sourceTree = "<group>";
		};
		046349E82ADE204C005BE975 /* NFC */ = {
			isa = PBXGroup;
			children = (
				046349ED2ADE2393005BE975 /* views */,
				046349E92ADE207E005BE975 /* HNFCScanPage.swift */,
				046349F02ADE2D25005BE975 /* HNFCTag.swift */,
				046349F22ADE2F2C005BE975 /* HNFCISO7816TagSession.swift */,
			);
			path = NFC;
			sourceTree = "<group>";
		};
		046349ED2ADE2393005BE975 /* views */ = {
			isa = PBXGroup;
			children = (
				046349EE2ADE23D8005BE975 /* HNFCReadView.swift */,
			);
			path = views;
			sourceTree = "<group>";
		};
		0463EFCD2AD39A4B00FD4B09 /* RTC */ = {
			isa = PBXGroup;
			children = (
				048731732AF3838300539D5C /* Ext */,
				048731722AF3836300539D5C /* WebSocketProvider */,
				0463EFE02AD3D29D00FD4B09 /* HRTCRoomView.swift */,
			);
			path = RTC;
			sourceTree = "<group>";
		};
		0463EFD02AD3AD2C00FD4B09 /* DirectRooms */ = {
			isa = PBXGroup;
			children = (
				0463EFE62AD3EACC00FD4B09 /* Views */,
				0463EFDD2AD3D0E900FD4B09 /* ToolBox */,
				0463EFD82AD3C24100FD4B09 /* ViewModel */,
				0463EFD32AD3ADFB00FD4B09 /* Model */,
				0463EFCD2AD39A4B00FD4B09 /* RTC */,
				0463EFD12AD3AD9400FD4B09 /* HDirectRoomListPage.swift */,
				0463EFCE2AD39B7C00FD4B09 /* HDirectBroadcastingPage.swift */,
				0463EFDB2AD3CF7C00FD4B09 /* HBroadcastingFactory.swift */,
			);
			path = DirectRooms;
			sourceTree = "<group>";
		};
		0463EFD32AD3ADFB00FD4B09 /* Model */ = {
			isa = PBXGroup;
			children = (
				0463EFD62AD3AE5F00FD4B09 /* Rooms.json */,
			);
			path = Model;
			sourceTree = "<group>";
		};
		0463EFD82AD3C24100FD4B09 /* ViewModel */ = {
			isa = PBXGroup;
			children = (
				0463EFD92AD3C29E00FD4B09 /* HDirectRoomViewModel.swift */,
			);
			path = ViewModel;
			sourceTree = "<group>";
		};
		0463EFDD2AD3D0E900FD4B09 /* ToolBox */ = {
			isa = PBXGroup;
			children = (
				0463EFDE2AD3D11200FD4B09 /* HToolBoxRoomPage.swift */,
				0463EFE22AD3D2BE00FD4B09 /* HToolBoxRoomView.swift */,
			);
			path = ToolBox;
			sourceTree = "<group>";
		};
		0463EFE62AD3EACC00FD4B09 /* Views */ = {
			isa = PBXGroup;
			children = (
				0463EFE42AD3D2ED00FD4B09 /* HBroadcastingRoomView.swift */,
				0463EFE72AD3EAF500FD4B09 /* HDBottomView.swift */,
			);
			path = Views;
			sourceTree = "<group>";
		};
		046C09682A70C61100E02EBC /* Model */ = {
			isa = PBXGroup;
			children = (
				046C09692A70C63C00E02EBC /* HBluetoothDeviceModel.swift */,
				046C09722A70EB6B00E02EBC /* Peripheral+Ext.swift */,
			);
			path = Model;
			sourceTree = "<group>";
		};
		046C096D2A70E8D200E02EBC /* Manager */ = {
			isa = PBXGroup;
			children = (
				046C096E2A70E93A00E02EBC /* HBluetoothManager.swift */,
				046C09702A70E9EE00E02EBC /* HBLECentralManager.swift */,
				046C09742A70EC7200E02EBC /* HStore.swift */,
			);
			path = Manager;
			sourceTree = "<group>";
		};
		048731722AF3836300539D5C /* WebSocketProvider */ = {
			isa = PBXGroup;
			children = (
				0487317A2AF389DF00539D5C /* Message.swift */,
				0487317C2AF38ADC00539D5C /* WebSocketProvider.swift */,
				0487317E2AF38B8000539D5C /* NativeWebSocket.swift */,
				048731802AF38BC100539D5C /* StarscreamProvider.swift */,
				048731822AF38D6C00539D5C /* WebRTCClient.swift */,
				048731842AF3921000539D5C /* SignalingClient.swift */,
			);
			path = WebSocketProvider;
			sourceTree = "<group>";
		};
		048731732AF3838300539D5C /* Ext */ = {
			isa = PBXGroup;
			children = (
				048731742AF383B700539D5C /* SessionDescription.swift */,
				048731762AF386FB00539D5C /* IceCandidate.swift */,
				048731782AF3883B00539D5C /* RTCStates.swift */,
			);
			path = Ext;
			sourceTree = "<group>";
		};
		04E225B82AD147320012966B /* Pages */ = {
			isa = PBXGroup;
			children = (
				046349E82ADE204C005BE975 /* NFC */,
				04244CFF2AD527B900536BB7 /* Socket */,
				0463EFD02AD3AD2C00FD4B09 /* DirectRooms */,
				0435D1B92AD256E10090BAD5 /* DoodingBoard */,
				042D02002A6F768300678042 /* BluetoothMonitor */,
			);
			path = Pages;
			sourceTree = "<group>";
		};
		04E225BB2AD152480012966B /* Views */ = {
			isa = PBXGroup;
			children = (
				04E225BC2AD152F40012966B /* HHomePageSubViewUI.swift */,
				04E225BE2AD15E760012966B /* HHomePageSubView.swift */,
				04E225C02AD15EA00012966B /* HHomeSubViewCell.swift */,
			);
			path = Views;
			sourceTree = "<group>";
		};
		04F682EF2A7207A1002C4EAA /* ASR */ = {
			isa = PBXGroup;
			children = (
				04F682F92A721CA5002C4EAA /* Manager */,
				04F682F02A72106E002C4EAA /* Controllers */,
			);
			path = ASR;
			sourceTree = "<group>";
		};
		04F682F02A72106E002C4EAA /* Controllers */ = {
			isa = PBXGroup;
			children = (
				04F682F12A7210D8002C4EAA /* HChatViewController.swift */,
			);
			path = Controllers;
			sourceTree = "<group>";
		};
		04F682F92A721CA5002C4EAA /* Manager */ = {
			isa = PBXGroup;
			children = (
				04F682FA2A721D28002C4EAA /* HPlaybackManager.swift */,
				04F682FF2A723EE8002C4EAA /* HAudioManager.swift */,
			);
			path = Manager;
			sourceTree = "<group>";
		};
		04F682FC2A721DA5002C4EAA /* Utils */ = {
			isa = PBXGroup;
			children = (
				04F682FD2A721DEB002C4EAA /* StringExt.swift */,
				04E225B92AD14A3C0012966B /* HConfig.swift */,
				0435D1B72AD24D360090BAD5 /* HHUD.swift */,
				0435D1BF2AD2594F0090BAD5 /* HThemeColor.swift */,
				0435D1C12AD27CB90090BAD5 /* HDevice.swift */,
				0463EFE92AD3EF4000FD4B09 /* UIView+frame.swift */,
			);
			path = Utils;
			sourceTree = "<group>";
		};
		05CFEB492A6D627B00A57FF6 = {
			isa = PBXGroup;
			children = (
				05CFEB542A6D627B00A57FF6 /* Project */,
				05CFEB532A6D627B00A57FF6 /* Products */,
				B3AEBE26443966B754662AE5 /* Pods */,
				EEAA67329D5ADAD6EA17265F /* Frameworks */,
			);
			sourceTree = "<group>";
		};
		05CFEB532A6D627B00A57FF6 /* Products */ = {
			isa = PBXGroup;
			children = (
				05CFEB522A6D627B00A57FF6 /* Project.app */,
			);
			name = Products;
			sourceTree = "<group>";
		};
		05CFEB542A6D627B00A57FF6 /* Project */ = {
			isa = PBXGroup;
			children = (
				046349E72ADE1FCB005BE975 /* Project.entitlements */,
				04E225B82AD147320012966B /* Pages */,
				04F682FC2A721DA5002C4EAA /* Utils */,
				04F682EF2A7207A1002C4EAA /* ASR */,
				046C096B2A70CE4A00E02EBC /* SucceedsPostAction.sh */,
				042D02072A6F994900678042 /* Base */,
				05CFEB6E2A6E690400A57FF6 /* HomePage */,
				05CFEB692A6D636700A57FF6 /* Tabbar */,
				05CFEB552A6D627B00A57FF6 /* AppDelegate.swift */,
				05CFEB572A6D627B00A57FF6 /* SceneDelegate.swift */,
				05CFEB592A6D627B00A57FF6 /* ViewController.swift */,
				05CFEB5B2A6D627B00A57FF6 /* Main.storyboard */,
				05CFEB5E2A6D627C00A57FF6 /* Assets.xcassets */,
				05CFEB602A6D627C00A57FF6 /* LaunchScreen.storyboard */,
				05CFEB632A6D627C00A57FF6 /* Info.plist */,
				05CFEB6C2A6D682400A57FF6 /* Config.plist */,
			);
			path = Project;
			sourceTree = "<group>";
		};
		05CFEB692A6D636700A57FF6 /* Tabbar */ = {
			isa = PBXGroup;
			children = (
				05CFEB6A2A6D646900A57FF6 /* RootController.swift */,
			);
			path = Tabbar;
			sourceTree = "<group>";
		};
		05CFEB6E2A6E690400A57FF6 /* HomePage */ = {
			isa = PBXGroup;
			children = (
				04E225BB2AD152480012966B /* Views */,
				05CFEB6F2A6E69B700A57FF6 /* HHomeViewController.swift */,
			);
			path = HomePage;
			sourceTree = "<group>";
		};
		B3AEBE26443966B754662AE5 /* Pods */ = {
			isa = PBXGroup;
			children = (
				034463BCADB51E103002F1E7 /* Pods-Project.debug.xcconfig */,
				FDD69C098B3CBB53A865EFAE /* Pods-Project.release.xcconfig */,
			);
			path = Pods;
			sourceTree = "<group>";
		};
		EEAA67329D5ADAD6EA17265F /* Frameworks */ = {
			isa = PBXGroup;
			children = (
				04EDB04A2A8337AE00C09AAC /* AVFAudio.framework */,
				04EDB0482A8337A300C09AAC /* AVFoundation.framework */,
				B5E5B6A1167192A4DD23930D /* Pods_Project.framework */,
			);
			name = Frameworks;
			sourceTree = "<group>";
		};
/* End PBXGroup section */

/* Begin PBXNativeTarget section */
		05CFEB512A6D627B00A57FF6 /* Project */ = {
			isa = PBXNativeTarget;
			buildConfigurationList = 05CFEB662A6D627C00A57FF6 /* Build configuration list for PBXNativeTarget "Project" */;
			buildPhases = (
				0126275543B5029646E9CA2D /* [CP] Check Pods Manifest.lock */,
				05CFEB4E2A6D627B00A57FF6 /* Sources */,
				05CFEB4F2A6D627B00A57FF6 /* Frameworks */,
				05CFEB502A6D627B00A57FF6 /* Resources */,
				7213D8E63AD0C9494F356669 /* [CP] Embed Pods Frameworks */,
			);
			buildRules = (
			);
			dependencies = (
			);
			name = Project;
			productName = Project;
			productReference = 05CFEB522A6D627B00A57FF6 /* Project.app */;
			productType = "com.apple.product-type.application";
		};
/* End PBXNativeTarget section */

/* Begin PBXProject section */
		05CFEB4A2A6D627B00A57FF6 /* Project object */ = {
			isa = PBXProject;
			attributes = {
				BuildIndependentTargetsInParallel = 1;
				LastSwiftUpdateCheck = 1420;
				LastUpgradeCheck = 1430;
				TargetAttributes = {
					05CFEB512A6D627B00A57FF6 = {
						CreatedOnToolsVersion = 14.3.1;
					};
				};
			};
			buildConfigurationList = 05CFEB4D2A6D627B00A57FF6 /* Build configuration list for PBXProject "Project" */;
			compatibilityVersion = "Xcode 14.0";
			developmentRegion = en;
			hasScannedForEncodings = 0;
			knownRegions = (
				en,
				Base,
			);
			mainGroup = 05CFEB492A6D627B00A57FF6;
			productRefGroup = 05CFEB532A6D627B00A57FF6 /* Products */;
			projectDirPath = "";
			projectRoot = "";
			targets = (
				05CFEB512A6D627B00A57FF6 /* Project */,
			);
		};
/* End PBXProject section */

/* Begin PBXResourcesBuildPhase section */
		05CFEB502A6D627B00A57FF6 /* Resources */ = {
			isa = PBXResourcesBuildPhase;
			buildActionMask = 2147483647;
			files = (
				0463EFD72AD3AE5F00FD4B09 /* Rooms.json in Resources */,
				05CFEB6D2A6D682400A57FF6 /* Config.plist in Resources */,
				05CFEB622A6D627C00A57FF6 /* LaunchScreen.storyboard in Resources */,
				04244D032AD5285400536BB7 /* HSocketConnectPage.xib in Resources */,
				046C096C2A70CE4A00E02EBC /* SucceedsPostAction.sh in Resources */,
				05CFEB5F2A6D627C00A57FF6 /* Assets.xcassets in Resources */,
				05CFEB5D2A6D627B00A57FF6 /* Main.storyboard in Resources */,
			);
			runOnlyForDeploymentPostprocessing = 0;
		};
/* End PBXResourcesBuildPhase section */

/* Begin PBXShellScriptBuildPhase section */
		0126275543B5029646E9CA2D /* [CP] Check Pods Manifest.lock */ = {
			isa = PBXShellScriptBuildPhase;
			buildActionMask = 2147483647;
			files = (
			);
			inputFileListPaths = (
			);
			inputPaths = (
				"${PODS_PODFILE_DIR_PATH}/Podfile.lock",
				"${PODS_ROOT}/Manifest.lock",
			);
			name = "[CP] Check Pods Manifest.lock";
			outputFileListPaths = (
			);
			outputPaths = (
				"$(DERIVED_FILE_DIR)/Pods-Project-checkManifestLockResult.txt",
			);
			runOnlyForDeploymentPostprocessing = 0;
			shellPath = /bin/sh;
			shellScript = "diff \"${PODS_PODFILE_DIR_PATH}/Podfile.lock\" \"${PODS_ROOT}/Manifest.lock\" > /dev/null\nif [ $? != 0 ] ; then\n    # print error to STDERR\n    echo \"error: The sandbox is not in sync with the Podfile.lock. Run 'pod install' or update your CocoaPods installation.\" >&2\n    exit 1\nfi\n# This output is used by Xcode 'outputs' to avoid re-running this script phase.\necho \"SUCCESS\" > \"${SCRIPT_OUTPUT_FILE_0}\"\n";
			showEnvVarsInLog = 0;
		};
		7213D8E63AD0C9494F356669 /* [CP] Embed Pods Frameworks */ = {
			isa = PBXShellScriptBuildPhase;
			buildActionMask = 2147483647;
			files = (
			);
			inputFileListPaths = (
				"${PODS_ROOT}/Target Support Files/Pods-Project/Pods-Project-frameworks-${CONFIGURATION}-input-files.xcfilelist",
			);
			name = "[CP] Embed Pods Frameworks";
			outputFileListPaths = (
				"${PODS_ROOT}/Target Support Files/Pods-Project/Pods-Project-frameworks-${CONFIGURATION}-output-files.xcfilelist",
			);
			runOnlyForDeploymentPostprocessing = 0;
			shellPath = /bin/sh;
			shellScript = "\"${PODS_ROOT}/Target Support Files/Pods-Project/Pods-Project-frameworks.sh\"\n";
			showEnvVarsInLog = 0;
		};
/* End PBXShellScriptBuildPhase section */

/* Begin PBXSourcesBuildPhase section */
		05CFEB4E2A6D627B00A57FF6 /* Sources */ = {
			isa = PBXSourcesBuildPhase;
			buildActionMask = 2147483647;
			files = (
				046349F32ADE2F2C005BE975 /* HNFCISO7816TagSession.swift in Sources */,
				048731852AF3921000539D5C /* SignalingClient.swift in Sources */,
				04E225C22AD15EA00012966B /* HHomeSubViewCell.swift in Sources */,
				042D02062A6F78A700678042 /* HDeviceDetailController.swift in Sources */,
				0463EFEA2AD3EF4000FD4B09 /* UIView+frame.swift in Sources */,
				0463EFEC2AD3FBA800FD4B09 /* HBaseView.swift in Sources */,
				046C096F2A70E93A00E02EBC /* HBluetoothManager.swift in Sources */,
				04F683002A723EE8002C4EAA /* HAudioManager.swift in Sources */,
				0435D1C22AD27CB90090BAD5 /* HDevice.swift in Sources */,
				0463EFCF2AD39B7C00FD4B09 /* HDirectBroadcastingPage.swift in Sources */,
				0463EFDC2AD3CF7C00FD4B09 /* HBroadcastingFactory.swift in Sources */,
				0463EFDA2AD3C29E00FD4B09 /* HDirectRoomViewModel.swift in Sources */,
				048731812AF38BC100539D5C /* StarscreamProvider.swift in Sources */,
				04F682FE2A721DEB002C4EAA /* StringExt.swift in Sources */,
				046349F12ADE2D25005BE975 /* HNFCTag.swift in Sources */,
				05CFEB5A2A6D627B00A57FF6 /* ViewController.swift in Sources */,
				042D02092A6F996A00678042 /* HBaseViewController.swift in Sources */,
				0463EFE82AD3EAF500FD4B09 /* HDBottomView.swift in Sources */,
				0435D1C02AD2594F0090BAD5 /* HThemeColor.swift in Sources */,
				046C09712A70E9EE00E02EBC /* HBLECentralManager.swift in Sources */,
				046349EA2ADE207E005BE975 /* HNFCScanPage.swift in Sources */,
				04F682F22A7210D8002C4EAA /* HChatViewController.swift in Sources */,
				0487317D2AF38ADC00539D5C /* WebSocketProvider.swift in Sources */,
				048731772AF386FB00539D5C /* IceCandidate.swift in Sources */,
				046C09672A70C3F700E02EBC /* HBluetoothDeviceCell.swift in Sources */,
				048731832AF38D6C00539D5C /* WebRTCClient.swift in Sources */,
				046C09752A70EC7200E02EBC /* HStore.swift in Sources */,
				04E225BA2AD14A3C0012966B /* HConfig.swift in Sources */,
				04244D052AD52B5B00536BB7 /* HSocketViewModel.swift in Sources */,
				0435D1BE2AD258200090BAD5 /* DoodlingBoardView.swift in Sources */,
				0463EFE12AD3D29D00FD4B09 /* HRTCRoomView.swift in Sources */,
				0487317B2AF389DF00539D5C /* Message.swift in Sources */,
				0463EFDF2AD3D11200FD4B09 /* HToolBoxRoomPage.swift in Sources */,
				0463EFE32AD3D2BE00FD4B09 /* HToolBoxRoomView.swift in Sources */,
				0435D1BB2AD2570B0090BAD5 /* DoodlingBoardController.swift in Sources */,
				042D020B2A6F9DE800678042 /* HBaseUtils.swift in Sources */,
				0463EFE52AD3D2ED00FD4B09 /* HBroadcastingRoomView.swift in Sources */,
				04244D022AD5285400536BB7 /* HSocketConnectPage.swift in Sources */,
				042D02022A6F786300678042 /* HBluetoothDeviceListController.swift in Sources */,
				05CFEB702A6E69B700A57FF6 /* HHomeViewController.swift in Sources */,
				046349EF2ADE23D8005BE975 /* HNFCReadView.swift in Sources */,
				048731752AF383B700539D5C /* SessionDescription.swift in Sources */,
				04E225BF2AD15E760012966B /* HHomePageSubView.swift in Sources */,
				0463EFD22AD3AD9400FD4B09 /* HDirectRoomListPage.swift in Sources */,
				048731792AF3883B00539D5C /* RTCStates.swift in Sources */,
				0487317F2AF38B8000539D5C /* NativeWebSocket.swift in Sources */,
				05CFEB6B2A6D646900A57FF6 /* RootController.swift in Sources */,
				05CFEB562A6D627B00A57FF6 /* AppDelegate.swift in Sources */,
				05CFEB582A6D627B00A57FF6 /* SceneDelegate.swift in Sources */,
				046C096A2A70C63C00E02EBC /* HBluetoothDeviceModel.swift in Sources */,
				04E225BD2AD152F40012966B /* HHomePageSubViewUI.swift in Sources */,
				046C09732A70EB6B00E02EBC /* Peripheral+Ext.swift in Sources */,
				0435D1B82AD24D360090BAD5 /* HHUD.swift in Sources */,
				04F682FB2A721D28002C4EAA /* HPlaybackManager.swift in Sources */,
			);
			runOnlyForDeploymentPostprocessing = 0;
		};
/* End PBXSourcesBuildPhase section */

/* Begin PBXVariantGroup section */
		05CFEB5B2A6D627B00A57FF6 /* Main.storyboard */ = {
			isa = PBXVariantGroup;
			children = (
				05CFEB5C2A6D627B00A57FF6 /* Base */,
			);
			name = Main.storyboard;
			sourceTree = "<group>";
		};
		05CFEB602A6D627C00A57FF6 /* LaunchScreen.storyboard */ = {
			isa = PBXVariantGroup;
			children = (
				05CFEB612A6D627C00A57FF6 /* Base */,
			);
			name = LaunchScreen.storyboard;
			sourceTree = "<group>";
		};
/* End PBXVariantGroup section */

/* Begin XCBuildConfiguration section */
		05CFEB642A6D627C00A57FF6 /* Debug */ = {
			isa = XCBuildConfiguration;
			buildSettings = {
				ALWAYS_SEARCH_USER_PATHS = NO;
				CLANG_ANALYZER_NONNULL = YES;
				CLANG_ANALYZER_NUMBER_OBJECT_CONVERSION = YES_AGGRESSIVE;
				CLANG_CXX_LANGUAGE_STANDARD = "gnu++20";
				CLANG_ENABLE_MODULES = YES;
				CLANG_ENABLE_OBJC_ARC = YES;
				CLANG_ENABLE_OBJC_WEAK = YES;
				CLANG_WARN_BLOCK_CAPTURE_AUTORELEASING = YES;
				CLANG_WARN_BOOL_CONVERSION = YES;
				CLANG_WARN_COMMA = YES;
				CLANG_WARN_CONSTANT_CONVERSION = YES;
				CLANG_WARN_DEPRECATED_OBJC_IMPLEMENTATIONS = YES;
				CLANG_WARN_DIRECT_OBJC_ISA_USAGE = YES_ERROR;
				CLANG_WARN_DOCUMENTATION_COMMENTS = YES;
				CLANG_WARN_EMPTY_BODY = YES;
				CLANG_WARN_ENUM_CONVERSION = YES;
				CLANG_WARN_INFINITE_RECURSION = YES;
				CLANG_WARN_INT_CONVERSION = YES;
				CLANG_WARN_NON_LITERAL_NULL_CONVERSION = YES;
				CLANG_WARN_OBJC_IMPLICIT_RETAIN_SELF = YES;
				CLANG_WARN_OBJC_LITERAL_CONVERSION = YES;
				CLANG_WARN_OBJC_ROOT_CLASS = YES_ERROR;
				CLANG_WARN_QUOTED_INCLUDE_IN_FRAMEWORK_HEADER = YES;
				CLANG_WARN_RANGE_LOOP_ANALYSIS = YES;
				CLANG_WARN_STRICT_PROTOTYPES = YES;
				CLANG_WARN_SUSPICIOUS_MOVE = YES;
				CLANG_WARN_UNGUARDED_AVAILABILITY = YES_AGGRESSIVE;
				CLANG_WARN_UNREACHABLE_CODE = YES;
				CLANG_WARN__DUPLICATE_METHOD_MATCH = YES;
				COPY_PHASE_STRIP = NO;
				DEBUG_INFORMATION_FORMAT = dwarf;
				ENABLE_STRICT_OBJC_MSGSEND = YES;
				ENABLE_TESTABILITY = YES;
				GCC_C_LANGUAGE_STANDARD = gnu11;
				GCC_DYNAMIC_NO_PIC = NO;
				GCC_NO_COMMON_BLOCKS = YES;
				GCC_OPTIMIZATION_LEVEL = 0;
				GCC_PREPROCESSOR_DEFINITIONS = (
					"DEBUG=1",
					"$(inherited)",
				);
				GCC_WARN_64_TO_32_BIT_CONVERSION = YES;
				GCC_WARN_ABOUT_RETURN_TYPE = YES_ERROR;
				GCC_WARN_UNDECLARED_SELECTOR = YES;
				GCC_WARN_UNINITIALIZED_AUTOS = YES_AGGRESSIVE;
				GCC_WARN_UNUSED_FUNCTION = YES;
				GCC_WARN_UNUSED_VARIABLE = YES;
				IPHONEOS_DEPLOYMENT_TARGET = 16.4;
				MTL_ENABLE_DEBUG_INFO = INCLUDE_SOURCE;
				MTL_FAST_MATH = YES;
				ONLY_ACTIVE_ARCH = YES;
				SDKROOT = iphoneos;
				SWIFT_ACTIVE_COMPILATION_CONDITIONS = DEBUG;
				SWIFT_OPTIMIZATION_LEVEL = "-Onone";
			};
			name = Debug;
		};
		05CFEB652A6D627C00A57FF6 /* Release */ = {
			isa = XCBuildConfiguration;
			buildSettings = {
				ALWAYS_SEARCH_USER_PATHS = NO;
				CLANG_ANALYZER_NONNULL = YES;
				CLANG_ANALYZER_NUMBER_OBJECT_CONVERSION = YES_AGGRESSIVE;
				CLANG_CXX_LANGUAGE_STANDARD = "gnu++20";
				CLANG_ENABLE_MODULES = YES;
				CLANG_ENABLE_OBJC_ARC = YES;
				CLANG_ENABLE_OBJC_WEAK = YES;
				CLANG_WARN_BLOCK_CAPTURE_AUTORELEASING = YES;
				CLANG_WARN_BOOL_CONVERSION = YES;
				CLANG_WARN_COMMA = YES;
				CLANG_WARN_CONSTANT_CONVERSION = YES;
				CLANG_WARN_DEPRECATED_OBJC_IMPLEMENTATIONS = YES;
				CLANG_WARN_DIRECT_OBJC_ISA_USAGE = YES_ERROR;
				CLANG_WARN_DOCUMENTATION_COMMENTS = YES;
				CLANG_WARN_EMPTY_BODY = YES;
				CLANG_WARN_ENUM_CONVERSION = YES;
				CLANG_WARN_INFINITE_RECURSION = YES;
				CLANG_WARN_INT_CONVERSION = YES;
				CLANG_WARN_NON_LITERAL_NULL_CONVERSION = YES;
				CLANG_WARN_OBJC_IMPLICIT_RETAIN_SELF = YES;
				CLANG_WARN_OBJC_LITERAL_CONVERSION = YES;
				CLANG_WARN_OBJC_ROOT_CLASS = YES_ERROR;
				CLANG_WARN_QUOTED_INCLUDE_IN_FRAMEWORK_HEADER = YES;
				CLANG_WARN_RANGE_LOOP_ANALYSIS = YES;
				CLANG_WARN_STRICT_PROTOTYPES = YES;
				CLANG_WARN_SUSPICIOUS_MOVE = YES;
				CLANG_WARN_UNGUARDED_AVAILABILITY = YES_AGGRESSIVE;
				CLANG_WARN_UNREACHABLE_CODE = YES;
				CLANG_WARN__DUPLICATE_METHOD_MATCH = YES;
				COPY_PHASE_STRIP = NO;
				DEBUG_INFORMATION_FORMAT = "dwarf-with-dsym";
				ENABLE_NS_ASSERTIONS = NO;
				ENABLE_STRICT_OBJC_MSGSEND = YES;
				GCC_C_LANGUAGE_STANDARD = gnu11;
				GCC_NO_COMMON_BLOCKS = YES;
				GCC_WARN_64_TO_32_BIT_CONVERSION = YES;
				GCC_WARN_ABOUT_RETURN_TYPE = YES_ERROR;
				GCC_WARN_UNDECLARED_SELECTOR = YES;
				GCC_WARN_UNINITIALIZED_AUTOS = YES_AGGRESSIVE;
				GCC_WARN_UNUSED_FUNCTION = YES;
				GCC_WARN_UNUSED_VARIABLE = YES;
				IPHONEOS_DEPLOYMENT_TARGET = 16.4;
				MTL_ENABLE_DEBUG_INFO = NO;
				MTL_FAST_MATH = YES;
				SDKROOT = iphoneos;
				SWIFT_COMPILATION_MODE = wholemodule;
				SWIFT_OPTIMIZATION_LEVEL = "-O";
				VALIDATE_PRODUCT = YES;
			};
			name = Release;
		};
		05CFEB672A6D627C00A57FF6 /* Debug */ = {
			isa = XCBuildConfiguration;
			baseConfigurationReference = 034463BCADB51E103002F1E7 /* Pods-Project.debug.xcconfig */;
			buildSettings = {
				ASSETCATALOG_COMPILER_APPICON_NAME = AppIcon;
				ASSETCATALOG_COMPILER_GLOBAL_ACCENT_COLOR_NAME = AccentColor;
				CODE_SIGN_ENTITLEMENTS = Project/Project.entitlements;
				CODE_SIGN_STYLE = Automatic;
				CURRENT_PROJECT_VERSION = 1;
				DEVELOPMENT_TEAM = JF8JDN6HNG;
				GENERATE_INFOPLIST_FILE = YES;
				INFOPLIST_FILE = Project/Info.plist;
				INFOPLIST_KEY_NFCReaderUsageDescription = "需要使用NFC读取卡片信息";
				INFOPLIST_KEY_NSBluetoothAlwaysUsageDescription = "需要使用你的蓝牙功能查询附近蓝牙设备";
				INFOPLIST_KEY_NSBluetoothPeripheralUsageDescription = "需要使用你的蓝牙功能查询附近蓝牙设备";
				INFOPLIST_KEY_NSCameraUsageDescription = "需要使用相机";
				INFOPLIST_KEY_NSMicrophoneUsageDescription = "需要使用话筒";
				INFOPLIST_KEY_UIApplicationSupportsIndirectInputEvents = YES;
				INFOPLIST_KEY_UILaunchStoryboardName = LaunchScreen;
				INFOPLIST_KEY_UIMainStoryboardFile = Main;
				INFOPLIST_KEY_UISupportedInterfaceOrientations_iPad = "UIInterfaceOrientationPortrait UIInterfaceOrientationPortraitUpsideDown UIInterfaceOrientationLandscapeLeft UIInterfaceOrientationLandscapeRight";
				INFOPLIST_KEY_UISupportedInterfaceOrientations_iPhone = "UIInterfaceOrientationPortrait UIInterfaceOrientationLandscapeLeft UIInterfaceOrientationLandscapeRight";
				IPHONEOS_DEPLOYMENT_TARGET = 13.0;
				LD_RUNPATH_SEARCH_PATHS = (
					"$(inherited)",
					"@executable_path/Frameworks",
				);
				MARKETING_VERSION = 1.0;
				PRODUCT_BUNDLE_IDENTIFIER = hu.NFCProject;
				PRODUCT_NAME = "$(TARGET_NAME)";
				SWIFT_EMIT_LOC_STRINGS = YES;
				SWIFT_VERSION = 5.0;
				TARGETED_DEVICE_FAMILY = "1,2";
			};
			name = Debug;
		};
		05CFEB682A6D627C00A57FF6 /* Release */ = {
			isa = XCBuildConfiguration;
			baseConfigurationReference = FDD69C098B3CBB53A865EFAE /* Pods-Project.release.xcconfig */;
			buildSettings = {
				ASSETCATALOG_COMPILER_APPICON_NAME = AppIcon;
				ASSETCATALOG_COMPILER_GLOBAL_ACCENT_COLOR_NAME = AccentColor;
				CODE_SIGN_ENTITLEMENTS = Project/Project.entitlements;
				CODE_SIGN_STYLE = Automatic;
				CURRENT_PROJECT_VERSION = 1;
				DEVELOPMENT_TEAM = JF8JDN6HNG;
				GENERATE_INFOPLIST_FILE = YES;
				INFOPLIST_FILE = Project/Info.plist;
				INFOPLIST_KEY_NFCReaderUsageDescription = "需要使用NFC读取卡片信息";
				INFOPLIST_KEY_NSBluetoothAlwaysUsageDescription = "需要使用你的蓝牙功能查询附近蓝牙设备";
				INFOPLIST_KEY_NSBluetoothPeripheralUsageDescription = "需要使用你的蓝牙功能查询附近蓝牙设备";
				INFOPLIST_KEY_NSCameraUsageDescription = "需要使用相机";
				INFOPLIST_KEY_NSMicrophoneUsageDescription = "需要使用话筒";
				INFOPLIST_KEY_UIApplicationSupportsIndirectInputEvents = YES;
				INFOPLIST_KEY_UILaunchStoryboardName = LaunchScreen;
				INFOPLIST_KEY_UIMainStoryboardFile = Main;
				INFOPLIST_KEY_UISupportedInterfaceOrientations_iPad = "UIInterfaceOrientationPortrait UIInterfaceOrientationPortraitUpsideDown UIInterfaceOrientationLandscapeLeft UIInterfaceOrientationLandscapeRight";
				INFOPLIST_KEY_UISupportedInterfaceOrientations_iPhone = "UIInterfaceOrientationPortrait UIInterfaceOrientationLandscapeLeft UIInterfaceOrientationLandscapeRight";
				IPHONEOS_DEPLOYMENT_TARGET = 13.0;
				LD_RUNPATH_SEARCH_PATHS = (
					"$(inherited)",
					"@executable_path/Frameworks",
				);
				MARKETING_VERSION = 1.0;
				PRODUCT_BUNDLE_IDENTIFIER = hu.NFCProject;
				PRODUCT_NAME = "$(TARGET_NAME)";
				SWIFT_EMIT_LOC_STRINGS = YES;
				SWIFT_VERSION = 5.0;
				TARGETED_DEVICE_FAMILY = "1,2";
			};
			name = Release;
		};
/* End XCBuildConfiguration section */

/* Begin XCConfigurationList section */
		05CFEB4D2A6D627B00A57FF6 /* Build configuration list for PBXProject "Project" */ = {
			isa = XCConfigurationList;
			buildConfigurations = (
				05CFEB642A6D627C00A57FF6 /* Debug */,
				05CFEB652A6D627C00A57FF6 /* Release */,
			);
			defaultConfigurationIsVisible = 0;
			defaultConfigurationName = Release;
		};
		05CFEB662A6D627C00A57FF6 /* Build configuration list for PBXNativeTarget "Project" */ = {
			isa = XCConfigurationList;
			buildConfigurations = (
				05CFEB672A6D627C00A57FF6 /* Debug */,
				05CFEB682A6D627C00A57FF6 /* Release */,
			);
			defaultConfigurationIsVisible = 0;
			defaultConfigurationName = Release;
		};
/* End XCConfigurationList section */
	};
	rootObject = 05CFEB4A2A6D627B00A57FF6 /* Project object */;
}
